<?xml version="1.0" encoding="utf-8"?>
<Project ToolsVersion="4.0" xmlns="http://schemas.microsoft.com/developer/msbuild/2003">
  <ItemGroup>
    <Filter Include="Source Files">
      <UniqueIdentifier>{4FC737F1-C7A5-4376-A066-2A32D752A2FF}</UniqueIdentifier>
      <Extensions>cpp;c;cc;cxx;def;odl;idl;hpj;bat;asm;asmx</Extensions>
    </Filter>
    <Filter Include="Header Files">
      <UniqueIdentifier>{93995380-89BD-4b04-88EB-625FBE52EBFB}</UniqueIdentifier>
      <Extensions>h;hh;hpp;hxx;hm;inl;inc;xsd</Extensions>
    </Filter>
    <Filter Include="Resource Files">
      <UniqueIdentifier>{67DA6AB6-F800-4c08-8B7A-83BB121AAD01}</UniqueIdentifier>
      <Extensions>rc;ico;cur;bmp;dlg;rc2;rct;bin;rgs;gif;jpg;jpeg;jpe;resx;tiff;tif;png;wav;mfcribbon-ms</Extensions>
    </Filter>
  </ItemGroup>
  <ItemGroup>
    <ClCompile Include="login.cpp">
      <Filter>Source Files</Filter>
    </ClCompile>
    <ClCompile Include="mainMenu.cpp">
      <Filter>Source Files</Filter>
    </ClCompile>
    <ClCompile Include="clientInfo.cpp">
      <Filter>Source Files</Filter>
    </ClCompile>
    <ClCompile Include="jobApproval.cpp">
      <Filter>Source Files</Filter>
    </ClCompile>
    <ClCompile Include="timeBlock.cpp">
      <Filter>Source Files</Filter>
    </ClCompile>
    <ClCompile Include="waitingList.cpp">
      <Filter>Source Files</Filter>
    </ClCompile>
    <ClCompile Include="jobTask.cpp">
      <Filter>Source Files</Filter>
    </ClCompile>
    <ClCompile Include="payment.cpp">
      <Filter>Source Files</Filter>
    </ClCompile>
    <ClCompile Include="report.cpp">
      <Filter>Source Files</Filter>
    </ClCompile>
    <ClCompile Include="survey.cpp">
      <Filter>Source Files</Filter>
    </ClCompile>
    <ClCompile Include="Notification.cpp">
      <Filter>Source Files</Filter>
    </ClCompile>
    <ClCompile Include="TechnicianInfo.cpp">
      <Filter>Source Files</Filter>
    </ClCompile>
    <ClCompile Include="apptDate.cpp">
      <Filter>Source Files</Filter>
    </ClCompile>
    <ClCompile Include="ConfirmExit.cpp">
      <Filter>Source Files</Filter>
    </ClCompile>
    <ClCompile Include="ExitProgram.cpp">
      <Filter>Source Files</Filter>
    </ClCompile>
    <ClCompile Include="saveChanges.cpp">
      <Filter>Source Files</Filter>
    </ClCompile>
    <ClCompile Include="Confirmation.cpp">
      <Filter>Source Files</Filter>
    </ClCompile>
    <ClCompile Include="sendSurvey.cpp">
      <Filter>Source Files</Filter>
    </ClCompile>
  </ItemGroup>
  <ItemGroup>
    <ClInclude Include="login.h">
      <Filter>Header Files</Filter>
    </ClInclude>
    <ClInclude Include="mainMenu.h">
      <Filter>Header Files</Filter>
    </ClInclude>
    <ClInclude Include="clientInfo.h">
      <Filter>Header Files</Filter>
    </ClInclude>
    <ClInclude Include="jobApproval.h">
      <Filter>Header Files</Filter>
    </ClInclude>
    <ClInclude Include="timeBlock.h">
      <Filter>Header Files</Filter>
    </ClInclude>
    <ClInclude Include="waitingList.h">
      <Filter>Header Files</Filter>
    </ClInclude>
    <ClInclude Include="jobTask.h">
      <Filter>Header Files</Filter>
    </ClInclude>
    <ClInclude Include="payment.h">
      <Filter>Header Files</Filter>
    </ClInclude>
    <ClInclude Include="report.h">
      <Filter>Header Files</Filter>
    </ClInclude>
    <ClInclude Include="survey.h">
      <Filter>Header Files</Filter>
    </ClInclude>
    <ClInclude Include="Notification.h">
      <Filter>Header Files</Filter>
    </ClInclude>
    <ClInclude Include="apptDate.h">
      <Filter>Header Files</Filter>
    </ClInclude>
    <ClInclude Include="TechnicianInfo.h">
      <Filter>Header Files</Filter>
    </ClInclude>
    <ClInclude Include="ConfirmExit.h">
      <Filter>Header Files</Filter>
    </ClInclude>
    <ClInclude Include="ExitProgram.h">
      <Filter>Header Files</Filter>
    </ClInclude>
    <ClInclude Include="saveChanges.h">
      <Filter>Header Files</Filter>
    </ClInclude>
    <ClInclude Include="Confirmation.h">
      <Filter>Header Files</Filter>
    </ClInclude>
    <ClInclude Include="sendSurvey.h">
      <Filter>Header Files</Filter>
    </ClInclude>
  </ItemGroup>
  <ItemGroup>
    <EmbeddedResource Include="clientInfo.resx">
      <Filter>Resource Files</Filter>
    </EmbeddedResource>
    <EmbeddedResource Include="login.resx">
      <Filter>Resource Files</Filter>
    </EmbeddedResource>
    <EmbeddedResource Include="mainMenu.resx">
      <Filter>Resource Files</Filter>
    </EmbeddedResource>
    <EmbeddedResource Include="jobApproval.resx">
      <Filter>Resource Files</Filter>
    </EmbeddedResource>
    <EmbeddedResource Include="jobTask.resx">
      <Filter>Resource Files</Filter>
    </EmbeddedResource>
    <EmbeddedResource Include="payment.resx">
      <Filter>Resource Files</Filter>
    </EmbeddedResource>
    <EmbeddedResource Include="report.resx">
      <Filter>Resource Files</Filter>
    </EmbeddedResource>
    <EmbeddedResource Include="timeBlock.resx">
      <Filter>Resource Files</Filter>
    </EmbeddedResource>
    <EmbeddedResource Include="waitingList.resx">
      <Filter>Resource Files</Filter>
    </EmbeddedResource>
    <EmbeddedResource Include="Notification.resx">
      <Filter>Resource Files</Filter>
    </EmbeddedResource>
    <EmbeddedResource Include="survey.resx">
      <Filter>Resource Files</Filter>
    </EmbeddedResource>
    <EmbeddedResource Include="apptDate.resx">
      <Filter>Resource Files</Filter>
    </EmbeddedResource>
    <EmbeddedResource Include="TechnicianInfo.resx">
      <Filter>Resource Files</Filter>
    </EmbeddedResource>
    <EmbeddedResource Include="ConfirmExit.resx">
      <Filter>Resource Files</Filter>
    </EmbeddedResource>
    <EmbeddedResource Include="ExitProgram.resx">
      <Filter>Resource Files</Filter>
    </EmbeddedResource>
    <EmbeddedResource Include="saveChanges.resx">
      <Filter>Resource Files</Filter>
    </EmbeddedResource>
    <EmbeddedResource Include="Confirmation.resx">
      <Filter>Resource Files</Filter>
    </EmbeddedResource>
    <EmbeddedResource Include="sendSurvey.resx">
      <Filter>Resource Files</Filter>
    </EmbeddedResource>
  </ItemGroup>
</Project>